// !$*UTF8*$!
{
	archiveVersion = 1;
	classes = {
	};
	objectVersion = 48;
	objects = {

/* Begin PBXBuildFile section */
		C15ECBFA20F3F08200BCAEB9 /* AppDelegate.swift in Sources */ = {isa = PBXBuildFile; fileRef = C15ECBF920F3F08200BCAEB9 /* AppDelegate.swift */; };
		C15ECBFC20F3F08200BCAEB9 /* ViewController.swift in Sources */ = {isa = PBXBuildFile; fileRef = C15ECBFB20F3F08200BCAEB9 /* ViewController.swift */; };
		C15ECBFF20F3F08200BCAEB9 /* Main.storyboard in Resources */ = {isa = PBXBuildFile; fileRef = C15ECBFD20F3F08200BCAEB9 /* Main.storyboard */; };
		C15ECC0120F3F08200BCAEB9 /* Assets.xcassets in Resources */ = {isa = PBXBuildFile; fileRef = C15ECC0020F3F08200BCAEB9 /* Assets.xcassets */; };
		C15ECC0420F3F08200BCAEB9 /* LaunchScreen.storyboard in Resources */ = {isa = PBXBuildFile; fileRef = C15ECC0220F3F08200BCAEB9 /* LaunchScreen.storyboard */; };
		C15ECC0F20F3F08200BCAEB9 /* Careem_AssignmentTests.swift in Sources */ = {isa = PBXBuildFile; fileRef = C15ECC0E20F3F08200BCAEB9 /* Careem_AssignmentTests.swift */; };
		C15ECC1A20F3F08200BCAEB9 /* Careem_AssignmentUITests.swift in Sources */ = {isa = PBXBuildFile; fileRef = C15ECC1920F3F08200BCAEB9 /* Careem_AssignmentUITests.swift */; };
/* End PBXBuildFile section */

/* Begin PBXContainerItemProxy section */
		C15ECC0B20F3F08200BCAEB9 /* PBXContainerItemProxy */ = {
			isa = PBXContainerItemProxy;
			containerPortal = C15ECBEE20F3F08100BCAEB9 /* Project object */;
			proxyType = 1;
			remoteGlobalIDString = C15ECBF520F3F08200BCAEB9;
			remoteInfo = "Careem​Assignment";
		};
		C15ECC1620F3F08200BCAEB9 /* PBXContainerItemProxy */ = {
			isa = PBXContainerItemProxy;
			containerPortal = C15ECBEE20F3F08100BCAEB9 /* Project object */;
			proxyType = 1;
			remoteGlobalIDString = C15ECBF520F3F08200BCAEB9;
			remoteInfo = "Careem​Assignment";
		};
/* End PBXContainerItemProxy section */

/* Begin PBXFileReference section */
		C15ECBF620F3F08200BCAEB9 /* Careem​Assignment.app */ = {isa = PBXFileReference; explicitFileType = wrapper.application; includeInIndex = 0; path = "Careem​Assignment.app"; sourceTree = BUILT_PRODUCTS_DIR; };
		C15ECBF920F3F08200BCAEB9 /* AppDelegate.swift */ = {isa = PBXFileReference; lastKnownFileType = sourcecode.swift; path = AppDelegate.swift; sourceTree = "<group>"; };
		C15ECBFB20F3F08200BCAEB9 /* ViewController.swift */ = {isa = PBXFileReference; lastKnownFileType = sourcecode.swift; path = ViewController.swift; sourceTree = "<group>"; };
		C15ECBFE20F3F08200BCAEB9 /* Base */ = {isa = PBXFileReference; lastKnownFileType = file.storyboard; name = Base; path = Base.lproj/Main.storyboard; sourceTree = "<group>"; };
		C15ECC0020F3F08200BCAEB9 /* Assets.xcassets */ = {isa = PBXFileReference; lastKnownFileType = folder.assetcatalog; path = Assets.xcassets; sourceTree = "<group>"; };
		C15ECC0320F3F08200BCAEB9 /* Base */ = {isa = PBXFileReference; lastKnownFileType = file.storyboard; name = Base; path = Base.lproj/LaunchScreen.storyboard; sourceTree = "<group>"; };
		C15ECC0520F3F08200BCAEB9 /* Info.plist */ = {isa = PBXFileReference; lastKnownFileType = text.plist.xml; path = Info.plist; sourceTree = "<group>"; };
		C15ECC0A20F3F08200BCAEB9 /* Careem​AssignmentTests.xctest */ = {isa = PBXFileReference; explicitFileType = wrapper.cfbundle; includeInIndex = 0; path = "Careem​AssignmentTests.xctest"; sourceTree = BUILT_PRODUCTS_DIR; };
		C15ECC0E20F3F08200BCAEB9 /* Careem_AssignmentTests.swift */ = {isa = PBXFileReference; lastKnownFileType = sourcecode.swift; path = Careem_AssignmentTests.swift; sourceTree = "<group>"; };
		C15ECC1020F3F08200BCAEB9 /* Info.plist */ = {isa = PBXFileReference; lastKnownFileType = text.plist.xml; path = Info.plist; sourceTree = "<group>"; };
		C15ECC1520F3F08200BCAEB9 /* Careem​AssignmentUITests.xctest */ = {isa = PBXFileReference; explicitFileType = wrapper.cfbundle; includeInIndex = 0; path = "Careem​AssignmentUITests.xctest"; sourceTree = BUILT_PRODUCTS_DIR; };
		C15ECC1920F3F08200BCAEB9 /* Careem_AssignmentUITests.swift */ = {isa = PBXFileReference; lastKnownFileType = sourcecode.swift; path = Careem_AssignmentUITests.swift; sourceTree = "<group>"; };
		C15ECC1B20F3F08200BCAEB9 /* Info.plist */ = {isa = PBXFileReference; lastKnownFileType = text.plist.xml; path = Info.plist; sourceTree = "<group>"; };
/* End PBXFileReference section */

/* Begin PBXFrameworksBuildPhase section */
		C15ECBF320F3F08200BCAEB9 /* Frameworks */ = {
			isa = PBXFrameworksBuildPhase;
			buildActionMask = 2147483647;
			files = (
			);
			runOnlyForDeploymentPostprocessing = 0;
		};
		C15ECC0720F3F08200BCAEB9 /* Frameworks */ = {
			isa = PBXFrameworksBuildPhase;
			buildActionMask = 2147483647;
			files = (
			);
			runOnlyForDeploymentPostprocessing = 0;
		};
		C15ECC1220F3F08200BCAEB9 /* Frameworks */ = {
			isa = PBXFrameworksBuildPhase;
			buildActionMask = 2147483647;
			files = (
			);
			runOnlyForDeploymentPostprocessing = 0;
		};
/* End PBXFrameworksBuildPhase section */

/* Begin PBXGroup section */
		C15ECBED20F3F08100BCAEB9 = {
			isa = PBXGroup;
			children = (
				C15ECBF820F3F08200BCAEB9 /* Careem​Assignment */,
				C15ECC0D20F3F08200BCAEB9 /* Careem​AssignmentTests */,
				C15ECC1820F3F08200BCAEB9 /* Careem​AssignmentUITests */,
				C15ECBF720F3F08200BCAEB9 /* Products */,
			);
			sourceTree = "<group>";
		};
		C15ECBF720F3F08200BCAEB9 /* Products */ = {
			isa = PBXGroup;
			children = (
				C15ECBF620F3F08200BCAEB9 /* Careem​Assignment.app */,
				C15ECC0A20F3F08200BCAEB9 /* Careem​AssignmentTests.xctest */,
				C15ECC1520F3F08200BCAEB9 /* Careem​AssignmentUITests.xctest */,
			);
			name = Products;
			sourceTree = "<group>";
		};
		C15ECBF820F3F08200BCAEB9 /* Careem​Assignment */ = {
			isa = PBXGroup;
			children = (
				C15ECBF920F3F08200BCAEB9 /* AppDelegate.swift */,
				C15ECBFB20F3F08200BCAEB9 /* ViewController.swift */,
				C15ECBFD20F3F08200BCAEB9 /* Main.storyboard */,
				C15ECC0020F3F08200BCAEB9 /* Assets.xcassets */,
				C15ECC0220F3F08200BCAEB9 /* LaunchScreen.storyboard */,
				C15ECC0520F3F08200BCAEB9 /* Info.plist */,
			);
			path = "Careem​Assignment";
			sourceTree = "<group>";
		};
		C15ECC0D20F3F08200BCAEB9 /* Careem​AssignmentTests */ = {
			isa = PBXGroup;
			children = (
				C15ECC0E20F3F08200BCAEB9 /* Careem_AssignmentTests.swift */,
				C15ECC1020F3F08200BCAEB9 /* Info.plist */,
			);
			path = "Careem​AssignmentTests";
			sourceTree = "<group>";
		};
		C15ECC1820F3F08200BCAEB9 /* Careem​AssignmentUITests */ = {
			isa = PBXGroup;
			children = (
				C15ECC1920F3F08200BCAEB9 /* Careem_AssignmentUITests.swift */,
				C15ECC1B20F3F08200BCAEB9 /* Info.plist */,
			);
			path = "Careem​AssignmentUITests";
			sourceTree = "<group>";
		};
/* End PBXGroup section */

/* Begin PBXNativeTarget section */
		C15ECBF520F3F08200BCAEB9 /* Careem​Assignment */ = {
			isa = PBXNativeTarget;
			buildConfigurationList = C15ECC1E20F3F08200BCAEB9 /* Build configuration list for PBXNativeTarget "Careem​Assignment" */;
			buildPhases = (
				C15ECBF220F3F08200BCAEB9 /* Sources */,
				C15ECBF320F3F08200BCAEB9 /* Frameworks */,
				C15ECBF420F3F08200BCAEB9 /* Resources */,
			);
			buildRules = (
			);
			dependencies = (
			);
			name = "Careem​Assignment";
			productName = "Careem​Assignment";
			productReference = C15ECBF620F3F08200BCAEB9 /* Careem​Assignment.app */;
			productType = "com.apple.product-type.application";
		};
		C15ECC0920F3F08200BCAEB9 /* Careem​AssignmentTests */ = {
			isa = PBXNativeTarget;
			buildConfigurationList = C15ECC2120F3F08200BCAEB9 /* Build configuration list for PBXNativeTarget "Careem​AssignmentTests" */;
			buildPhases = (
				C15ECC0620F3F08200BCAEB9 /* Sources */,
				C15ECC0720F3F08200BCAEB9 /* Frameworks */,
				C15ECC0820F3F08200BCAEB9 /* Resources */,
			);
			buildRules = (
			);
			dependencies = (
				C15ECC0C20F3F08200BCAEB9 /* PBXTargetDependency */,
			);
			name = "Careem​AssignmentTests";
			productName = "Careem​AssignmentTests";
			productReference = C15ECC0A20F3F08200BCAEB9 /* Careem​AssignmentTests.xctest */;
			productType = "com.apple.product-type.bundle.unit-test";
		};
		C15ECC1420F3F08200BCAEB9 /* Careem​AssignmentUITests */ = {
			isa = PBXNativeTarget;
			buildConfigurationList = C15ECC2420F3F08200BCAEB9 /* Build configuration list for PBXNativeTarget "Careem​AssignmentUITests" */;
			buildPhases = (
				C15ECC1120F3F08200BCAEB9 /* Sources */,
				C15ECC1220F3F08200BCAEB9 /* Frameworks */,
				C15ECC1320F3F08200BCAEB9 /* Resources */,
			);
			buildRules = (
			);
			dependencies = (
				C15ECC1720F3F08200BCAEB9 /* PBXTargetDependency */,
			);
			name = "Careem​AssignmentUITests";
			productName = "Careem​AssignmentUITests";
			productReference = C15ECC1520F3F08200BCAEB9 /* Careem​AssignmentUITests.xctest */;
			productType = "com.apple.product-type.bundle.ui-testing";
		};
/* End PBXNativeTarget section */

/* Begin PBXProject section */
		C15ECBEE20F3F08100BCAEB9 /* Project object */ = {
			isa = PBXProject;
			attributes = {
				LastSwiftUpdateCheck = 0920;
				LastUpgradeCheck = 0920;
				ORGANIZATIONNAME = "Martin Sorsok";
				TargetAttributes = {
					C15ECBF520F3F08200BCAEB9 = {
						CreatedOnToolsVersion = 9.2;
						ProvisioningStyle = Automatic;
					};
					C15ECC0920F3F08200BCAEB9 = {
						CreatedOnToolsVersion = 9.2;
						ProvisioningStyle = Automatic;
						TestTargetID = C15ECBF520F3F08200BCAEB9;
					};
					C15ECC1420F3F08200BCAEB9 = {
						CreatedOnToolsVersion = 9.2;
						ProvisioningStyle = Automatic;
						TestTargetID = C15ECBF520F3F08200BCAEB9;
					};
				};
			};
			buildConfigurationList = C15ECBF120F3F08100BCAEB9 /* Build configuration list for PBXProject "Careem​Assignment" */;
			compatibilityVersion = "Xcode 8.0";
			developmentRegion = en;
			hasScannedForEncodings = 0;
			knownRegions = (
				en,
				Base,
			);
			mainGroup = C15ECBED20F3F08100BCAEB9;
			productRefGroup = C15ECBF720F3F08200BCAEB9 /* Products */;
			projectDirPath = "";
			projectRoot = "";
			targets = (
				C15ECBF520F3F08200BCAEB9 /* Careem​Assignment */,
				C15ECC0920F3F08200BCAEB9 /* Careem​AssignmentTests */,
				C15ECC1420F3F08200BCAEB9 /* Careem​AssignmentUITests */,
			);
		};
/* End PBXProject section */

/* Begin PBXResourcesBuildPhase section */
		C15ECBF420F3F08200BCAEB9 /* Resources */ = {
			isa = PBXResourcesBuildPhase;
			buildActionMask = 2147483647;
			files = (
				C15ECC0420F3F08200BCAEB9 /* LaunchScreen.storyboard in Resources */,
				C15ECC0120F3F08200BCAEB9 /* Assets.xcassets in Resources */,
				C15ECBFF20F3F08200BCAEB9 /* Main.storyboard in Resources */,
			);
			runOnlyForDeploymentPostprocessing = 0;
		};
		C15ECC0820F3F08200BCAEB9 /* Resources */ = {
			isa = PBXResourcesBuildPhase;
			buildActionMask = 2147483647;
			files = (
			);
			runOnlyForDeploymentPostprocessing = 0;
		};
		C15ECC1320F3F08200BCAEB9 /* Resources */ = {
			isa = PBXResourcesBuildPhase;
			buildActionMask = 2147483647;
			files = (
			);
			runOnlyForDeploymentPostprocessing = 0;
		};
/* End PBXResourcesBuildPhase section */

/* Begin PBXSourcesBuildPhase section */
		C15ECBF220F3F08200BCAEB9 /* Sources */ = {
			isa = PBXSourcesBuildPhase;
			buildActionMask = 2147483647;
			files = (
				C15ECBFC20F3F08200BCAEB9 /* ViewController.swift in Sources */,
				C15ECBFA20F3F08200BCAEB9 /* AppDelegate.swift in Sources */,
			);
			runOnlyForDeploymentPostprocessing = 0;
		};
		C15ECC0620F3F08200BCAEB9 /* Sources */ = {
			isa = PBXSourcesBuildPhase;
			buildActionMask = 2147483647;
			files = (
				C15ECC0F20F3F08200BCAEB9 /* Careem_AssignmentTests.swift in Sources */,
			);
			runOnlyForDeploymentPostprocessing = 0;
		};
		C15ECC1120F3F08200BCAEB9 /* Sources */ = {
			isa = PBXSourcesBuildPhase;
			buildActionMask = 2147483647;
			files = (
				C15ECC1A20F3F08200BCAEB9 /* Careem_AssignmentUITests.swift in Sources */,
			);
			runOnlyForDeploymentPostprocessing = 0;
		};
/* End PBXSourcesBuildPhase section */

/* Begin PBXTargetDependency section */
		C15ECC0C20F3F08200BCAEB9 /* PBXTargetDependency */ = {
			isa = PBXTargetDependency;
			target = C15ECBF520F3F08200BCAEB9 /* Careem​Assignment */;
			targetProxy = C15ECC0B20F3F08200BCAEB9 /* PBXContainerItemProxy */;
		};
		C15ECC1720F3F08200BCAEB9 /* PBXTargetDependency */ = {
			isa = PBXTargetDependency;
			target = C15ECBF520F3F08200BCAEB9 /* Careem​Assignment */;
			targetProxy = C15ECC1620F3F08200BCAEB9 /* PBXContainerItemProxy */;
		};
/* End PBXTargetDependency section */

/* Begin PBXVariantGroup section */
		C15ECBFD20F3F08200BCAEB9 /* Main.storyboard */ = {
			isa = PBXVariantGroup;
			children = (
				C15ECBFE20F3F08200BCAEB9 /* Base */,
			);
			name = Main.storyboard;
			sourceTree = "<group>";
		};
		C15ECC0220F3F08200BCAEB9 /* LaunchScreen.storyboard */ = {
			isa = PBXVariantGroup;
			children = (
				C15ECC0320F3F08200BCAEB9 /* Base */,
			);
			name = LaunchScreen.storyboard;
			sourceTree = "<group>";
		};
/* End PBXVariantGroup section */

/* Begin XCBuildConfiguration section */
		C15ECC1C20F3F08200BCAEB9 /* Debug */ = {
			isa = XCBuildConfiguration;
			buildSettings = {
				ALWAYS_SEARCH_USER_PATHS = NO;
				CLANG_ANALYZER_NONNULL = YES;
				CLANG_ANALYZER_NUMBER_OBJECT_CONVERSION = YES_AGGRESSIVE;
				CLANG_CXX_LANGUAGE_STANDARD = "gnu++14";
				CLANG_CXX_LIBRARY = "libc++";
				CLANG_ENABLE_MODULES = YES;
				CLANG_ENABLE_OBJC_ARC = YES;
				CLANG_WARN_BLOCK_CAPTURE_AUTORELEASING = YES;
				CLANG_WARN_BOOL_CONVERSION = YES;
				CLANG_WARN_COMMA = YES;
				CLANG_WARN_CONSTANT_CONVERSION = YES;
				CLANG_WARN_DIRECT_OBJC_ISA_USAGE = YES_ERROR;
				CLANG_WARN_DOCUMENTATION_COMMENTS = YES;
				CLANG_WARN_EMPTY_BODY = YES;
				CLANG_WARN_ENUM_CONVERSION = YES;
				CLANG_WARN_INFINITE_RECURSION = YES;
				CLANG_WARN_INT_CONVERSION = YES;
				CLANG_WARN_NON_LITERAL_NULL_CONVERSION = YES;
				CLANG_WARN_OBJC_LITERAL_CONVERSION = YES;
				CLANG_WARN_OBJC_ROOT_CLASS = YES_ERROR;
				CLANG_WARN_RANGE_LOOP_ANALYSIS = YES;
				CLANG_WARN_STRICT_PROTOTYPES = YES;
				CLANG_WARN_SUSPICIOUS_MOVE = YES;
				CLANG_WARN_UNGUARDED_AVAILABILITY = YES_AGGRESSIVE;
				CLANG_WARN_UNREACHABLE_CODE = YES;
				CLANG_WARN__DUPLICATE_METHOD_MATCH = YES;
				CODE_SIGN_IDENTITY = "iPhone Developer";
				COPY_PHASE_STRIP = NO;
				DEBUG_INFORMATION_FORMAT = dwarf;
				ENABLE_STRICT_OBJC_MSGSEND = YES;
				ENABLE_TESTABILITY = YES;
				GCC_C_LANGUAGE_STANDARD = gnu11;
				GCC_DYNAMIC_NO_PIC = NO;
				GCC_NO_COMMON_BLOCKS = YES;
				GCC_OPTIMIZATION_LEVEL = 0;
				GCC_PREPROCESSOR_DEFINITIONS = (
					"DEBUG=1",
					"$(inherited)",
				);
				GCC_WARN_64_TO_32_BIT_CONVERSION = YES;
				GCC_WARN_ABOUT_RETURN_TYPE = YES_ERROR;
				GCC_WARN_UNDECLARED_SELECTOR = YES;
				GCC_WARN_UNINITIALIZED_AUTOS = YES_AGGRESSIVE;
				GCC_WARN_UNUSED_FUNCTION = YES;
				GCC_WARN_UNUSED_VARIABLE = YES;
				IPHONEOS_DEPLOYMENT_TARGET = 11.2;
				MTL_ENABLE_DEBUG_INFO = YES;
				ONLY_ACTIVE_ARCH = YES;
				SDKROOT = iphoneos;
				SWIFT_ACTIVE_COMPILATION_CONDITIONS = DEBUG;
				SWIFT_OPTIMIZATION_LEVEL = "-Onone";
			};
			name = Debug;
		};
		C15ECC1D20F3F08200BCAEB9 /* Release */ = {
			isa = XCBuildConfiguration;
			buildSettings = {
				ALWAYS_SEARCH_USER_PATHS = NO;
				CLANG_ANALYZER_NONNULL = YES;
				CLANG_ANALYZER_NUMBER_OBJECT_CONVERSION = YES_AGGRESSIVE;
				CLANG_CXX_LANGUAGE_STANDARD = "gnu++14";
				CLANG_CXX_LIBRARY = "libc++";
				CLANG_ENABLE_MODULES = YES;
				CLANG_ENABLE_OBJC_ARC = YES;
				CLANG_WARN_BLOCK_CAPTURE_AUTORELEASING = YES;
				CLANG_WARN_BOOL_CONVERSION = YES;
				CLANG_WARN_COMMA = YES;
				CLANG_WARN_CONSTANT_CONVERSION = YES;
				CLANG_WARN_DIRECT_OBJC_ISA_USAGE = YES_ERROR;
				CLANG_WARN_DOCUMENTATION_COMMENTS = YES;
				CLANG_WARN_EMPTY_BODY = YES;
				CLANG_WARN_ENUM_CONVERSION = YES;
				CLANG_WARN_INFINITE_RECURSION = YES;
				CLANG_WARN_INT_CONVERSION = YES;
				CLANG_WARN_NON_LITERAL_NULL_CONVERSION = YES;
				CLANG_WARN_OBJC_LITERAL_CONVERSION = YES;
				CLANG_WARN_OBJC_ROOT_CLASS = YES_ERROR;
				CLANG_WARN_RANGE_LOOP_ANALYSIS = YES;
				CLANG_WARN_STRICT_PROTOTYPES = YES;
				CLANG_WARN_SUSPICIOUS_MOVE = YES;
				CLANG_WARN_UNGUARDED_AVAILABILITY = YES_AGGRESSIVE;
				CLANG_WARN_UNREACHABLE_CODE = YES;
				CLANG_WARN__DUPLICATE_METHOD_MATCH = YES;
				CODE_SIGN_IDENTITY = "iPhone Developer";
				COPY_PHASE_STRIP = NO;
				DEBUG_INFORMATION_FORMAT = "dwarf-with-dsym";
				ENABLE_NS_ASSERTIONS = NO;
				ENABLE_STRICT_OBJC_MSGSEND = YES;
				GCC_C_LANGUAGE_STANDARD = gnu11;
				GCC_NO_COMMON_BLOCKS = YES;
				GCC_WARN_64_TO_32_BIT_CONVERSION = YES;
				GCC_WARN_ABOUT_RETURN_TYPE = YES_ERROR;
				GCC_WARN_UNDECLARED_SELECTOR = YES;
				GCC_WARN_UNINITIALIZED_AUTOS = YES_AGGRESSIVE;
				GCC_WARN_UNUSED_FUNCTION = YES;
				GCC_WARN_UNUSED_VARIABLE = YES;
				IPHONEOS_DEPLOYMENT_TARGET = 11.2;
				MTL_ENABLE_DEBUG_INFO = NO;
				SDKROOT = iphoneos;
				SWIFT_OPTIMIZATION_LEVEL = "-Owholemodule";
				VALIDATE_PRODUCT = YES;
			};
			name = Release;
		};
		C15ECC1F20F3F08200BCAEB9 /* Debug */ = {
			isa = XCBuildConfiguration;
			buildSettings = {
				ASSETCATALOG_COMPILER_APPICON_NAME = AppIcon;
				CODE_SIGN_STYLE = Automatic;
				DEVELOPMENT_TEAM = E33T68GW9Q;
				INFOPLIST_FILE = "Careem​Assignment/Info.plist";
				LD_RUNPATH_SEARCH_PATHS = "$(inherited) @executable_path/Frameworks";
				PRODUCT_BUNDLE_IDENTIFIER = "mr10-idev.Careem-Assignment";
				PRODUCT_NAME = "$(TARGET_NAME)";
				SWIFT_VERSION = 4.0;
				TARGETED_DEVICE_FAMILY = "1,2";
			};
			name = Debug;
		};
		C15ECC2020F3F08200BCAEB9 /* Release */ = {
			isa = XCBuildConfiguration;
			buildSettings = {
				ASSETCATALOG_COMPILER_APPICON_NAME = AppIcon;
				CODE_SIGN_STYLE = Automatic;
				DEVELOPMENT_TEAM = E33T68GW9Q;
				INFOPLIST_FILE = "Careem​Assignment/Info.plist";
				LD_RUNPATH_SEARCH_PATHS = "$(inherited) @executable_path/Frameworks";
				PRODUCT_BUNDLE_IDENTIFIER = "mr10-idev.Careem-Assignment";
				PRODUCT_NAME = "$(TARGET_NAME)";
				SWIFT_VERSION = 4.0;
				TARGETED_DEVICE_FAMILY = "1,2";
			};
			name = Release;
		};
		C15ECC2220F3F08200BCAEB9 /* Debug */ = {
			isa = XCBuildConfiguration;
			buildSettings = {
				ALWAYS_EMBED_SWIFT_STANDARD_LIBRARIES = YES;
				BUNDLE_LOADER = "$(TEST_HOST)";
				CODE_SIGN_STYLE = Automatic;
				DEVELOPMENT_TEAM = E33T68GW9Q;
				INFOPLIST_FILE = "Careem​AssignmentTests/Info.plist";
				LD_RUNPATH_SEARCH_PATHS = "$(inherited) @executable_path/Frameworks @loader_path/Frameworks";
				PRODUCT_BUNDLE_IDENTIFIER = "mr10-idev.Careem-AssignmentTests";
				PRODUCT_NAME = "$(TARGET_NAME)";
				SWIFT_VERSION = 4.0;
				TARGETED_DEVICE_FAMILY = "1,2";
				TEST_HOST = "$(BUILT_PRODUCTS_DIR)/Careem​Assignment.app/Careem​Assignment";
			};
			name = Debug;
		};
		C15ECC2320F3F08200BCAEB9 /* Release */ = {
			isa = XCBuildConfiguration;
			buildSettings = {
				ALWAYS_EMBED_SWIFT_STANDARD_LIBRARIES = YES;
				BUNDLE_LOADER = "$(TEST_HOST)";
				CODE_SIGN_STYLE = Automatic;
				DEVELOPMENT_TEAM = E33T68GW9Q;
				INFOPLIST_FILE = "Careem​AssignmentTests/Info.plist";
				LD_RUNPATH_SEARCH_PATHS = "$(inherited) @executable_path/Frameworks @loader_path/Frameworks";
				PRODUCT_BUNDLE_IDENTIFIER = "mr10-idev.Careem-AssignmentTests";
				PRODUCT_NAME = "$(TARGET_NAME)";
				SWIFT_VERSION = 4.0;
				TARGETED_DEVICE_FAMILY = "1,2";
				TEST_HOST = "$(BUILT_PRODUCTS_DIR)/Careem​Assignment.app/Careem​Assignment";
			};
			name = Release;
		};
		C15ECC2520F3F08200BCAEB9 /* Debug */ = {
			isa = XCBuildConfiguration;
			buildSettings = {
				ALWAYS_EMBED_SWIFT_STANDARD_LIBRARIES = YES;
				CODE_SIGN_STYLE = Automatic;
				DEVELOPMENT_TEAM = E33T68GW9Q;
				INFOPLIST_FILE = "Careem​AssignmentUITests/Info.plist";
				LD_RUNPATH_SEARCH_PATHS = "$(inherited) @executable_path/Frameworks @loader_path/Frameworks";
				PRODUCT_BUNDLE_IDENTIFIER = "mr10-idev.Careem-AssignmentUITests";
				PRODUCT_NAME = "$(TARGET_NAME)";
				SWIFT_VERSION = 4.0;
				TARGETED_DEVICE_FAMILY = "1,2";
				TEST_TARGET_NAME = "Careem​Assignment";
			};
			name = Debug;
		};
		C15ECC2620F3F08200BCAEB9 /* Release */ = {
			isa = XCBuildConfiguration;
			buildSettings = {
				ALWAYS_EMBED_SWIFT_STANDARD_LIBRARIES = YES;
				CODE_SIGN_STYLE = Automatic;
				DEVELOPMENT_TEAM = E33T68GW9Q;
				INFOPLIST_FILE = "Careem​AssignmentUITests/Info.plist";
				LD_RUNPATH_SEARCH_PATHS = "$(inherited) @executable_path/Frameworks @loader_path/Frameworks";
				PRODUCT_BUNDLE_IDENTIFIER = "mr10-idev.Careem-AssignmentUITests";
				PRODUCT_NAME = "$(TARGET_NAME)";
				SWIFT_VERSION = 4.0;
				TARGETED_DEVICE_FAMILY = "1,2";
				TEST_TARGET_NAME = "Careem​Assignment";
			};
			name = Release;
		};
/* End XCBuildConfiguration section */

/* Begin XCConfigurationList section */
		C15ECBF120F3F08100BCAEB9 /* Build configuration list for PBXProject "Careem​Assignment" */ = {
			isa = XCConfigurationList;
			buildConfigurations = (
				C15ECC1C20F3F08200BCAEB9 /* Debug */,
				C15ECC1D20F3F08200BCAEB9 /* Release */,
			);
			defaultConfigurationIsVisible = 0;
			defaultConfigurationName = Release;
		};
		C15ECC1E20F3F08200BCAEB9 /* Build configuration list for PBXNativeTarget "Careem​Assignment" */ = {
			isa = XCConfigurationList;
			buildConfigurations = (
				C15ECC1F20F3F08200BCAEB9 /* Debug */,
				C15ECC2020F3F08200BCAEB9 /* Release */,
			);
			defaultConfigurationIsVisible = 0;
			defaultConfigurationName = Release;
		};
		C15ECC2120F3F08200BCAEB9 /* Build configuration list for PBXNativeTarget "Careem​AssignmentTests" */ = {
			isa = XCConfigurationList;
			buildConfigurations = (
				C15ECC2220F3F08200BCAEB9 /* Debug */,
				C15ECC2320F3F08200BCAEB9 /* Release */,
			);
			defaultConfigurationIsVisible = 0;
			defaultConfigurationName = Release;
		};
		C15ECC2420F3F08200BCAEB9 /* Build configuration list for PBXNativeTarget "Careem​AssignmentUITests" */ = {
			isa = XCConfigurationList;
			buildConfigurations = (
				C15ECC2520F3F08200BCAEB9 /* Debug */,
				C15ECC2620F3F08200BCAEB9 /* Release */,
			);
			defaultConfigurationIsVisible = 0;
			defaultConfigurationName = Release;
		};
/* End XCConfigurationList section */
	};
	rootObject = C15ECBEE20F3F08100BCAEB9 /* Project object */;
}
