// !$*UTF8*$!
{
	archiveVersion = 1;
	classes = {
	};
	objectVersion = 48;
	objects = {

/* Begin PBXBuildFile section */
		C15ECBFA20F3F08200BCAEB9 /* AppDelegate.swift in Sources */ = {isa = PBXBuildFile; fileRef = C15ECBF920F3F08200BCAEB9 /* AppDelegate.swift */; };
		C15ECBFF20F3F08200BCAEB9 /* Main.storyboard in Resources */ = {isa = PBXBuildFile; fileRef = C15ECBFD20F3F08200BCAEB9 /* Main.storyboard */; };
		C15ECC0120F3F08200BCAEB9 /* Assets.xcassets in Resources */ = {isa = PBXBuildFile; fileRef = C15ECC0020F3F08200BCAEB9 /* Assets.xcassets */; };
		C15ECC0420F3F08200BCAEB9 /* LaunchScreen.storyboard in Resources */ = {isa = PBXBuildFile; fileRef = C15ECC0220F3F08200BCAEB9 /* LaunchScreen.storyboard */; };
		C15ECC0F20F3F08200BCAEB9 /* Careem_AssignmentTests.swift in Sources */ = {isa = PBXBuildFile; fileRef = C15ECC0E20F3F08200BCAEB9 /* Careem_AssignmentTests.swift */; };
		C15ECC1A20F3F08200BCAEB9 /* Careem_AssignmentUITests.swift in Sources */ = {isa = PBXBuildFile; fileRef = C15ECC1920F3F08200BCAEB9 /* Careem_AssignmentUITests.swift */; };
		C15ECC2E20F3FAD500BCAEB9 /* BaseViewController.swift in Sources */ = {isa = PBXBuildFile; fileRef = C15ECC2D20F3FAD500BCAEB9 /* BaseViewController.swift */; };
		C15ECC3220F3FB1F00BCAEB9 /* SearchViewController.swift in Sources */ = {isa = PBXBuildFile; fileRef = C15ECC3120F3FB1F00BCAEB9 /* SearchViewController.swift */; };
		C15ECC3620F3FFD300BCAEB9 /* MovieTableViewCell.swift in Sources */ = {isa = PBXBuildFile; fileRef = C15ECC3420F3FFD300BCAEB9 /* MovieTableViewCell.swift */; };
		C15ECC3720F3FFD300BCAEB9 /* MovieTableViewCell.xib in Resources */ = {isa = PBXBuildFile; fileRef = C15ECC3520F3FFD300BCAEB9 /* MovieTableViewCell.xib */; };
		C15ECC3920F4001300BCAEB9 /* MovieModel.swift in Sources */ = {isa = PBXBuildFile; fileRef = C15ECC3820F4001300BCAEB9 /* MovieModel.swift */; };
		C15ECC5A20F400BB00BCAEB9 /* RobotoSlab-Thin.ttf in Resources */ = {isa = PBXBuildFile; fileRef = C15ECC3C20F400BB00BCAEB9 /* RobotoSlab-Thin.ttf */; };
		C15ECC5B20F400BB00BCAEB9 /* RobotoSlab-Bold.ttf in Resources */ = {isa = PBXBuildFile; fileRef = C15ECC3D20F400BB00BCAEB9 /* RobotoSlab-Bold.ttf */; };
		C15ECC5D20F400BB00BCAEB9 /* RobotoSlab-Regular.ttf in Resources */ = {isa = PBXBuildFile; fileRef = C15ECC3F20F400BB00BCAEB9 /* RobotoSlab-Regular.ttf */; };
		C15ECC5E20F400BB00BCAEB9 /* OpenSans-SemiBold.ttf in Resources */ = {isa = PBXBuildFile; fileRef = C15ECC4120F400BB00BCAEB9 /* OpenSans-SemiBold.ttf */; };
		C15ECC5F20F400BB00BCAEB9 /* OpenSans-Light.ttf in Resources */ = {isa = PBXBuildFile; fileRef = C15ECC4220F400BB00BCAEB9 /* OpenSans-Light.ttf */; };
		C15ECC6020F400BB00BCAEB9 /* OpenSans-Italic.ttf in Resources */ = {isa = PBXBuildFile; fileRef = C15ECC4320F400BB00BCAEB9 /* OpenSans-Italic.ttf */; };
		C15ECC6120F400BB00BCAEB9 /* OpenSans-ExtraBold.ttf in Resources */ = {isa = PBXBuildFile; fileRef = C15ECC4420F400BB00BCAEB9 /* OpenSans-ExtraBold.ttf */; };
		C15ECC6220F400BB00BCAEB9 /* OpenSans-LightItalic.ttf in Resources */ = {isa = PBXBuildFile; fileRef = C15ECC4520F400BB00BCAEB9 /* OpenSans-LightItalic.ttf */; };
		C15ECC6420F400BB00BCAEB9 /* OpenSans-SemiBoldItalic.ttf in Resources */ = {isa = PBXBuildFile; fileRef = C15ECC4720F400BB00BCAEB9 /* OpenSans-SemiBoldItalic.ttf */; };
		C15ECC6520F400BB00BCAEB9 /* OpenSans-ExtraBoldItalic.ttf in Resources */ = {isa = PBXBuildFile; fileRef = C15ECC4820F400BB00BCAEB9 /* OpenSans-ExtraBoldItalic.ttf */; };
		C15ECC6820F400BB00BCAEB9 /* OpenSans-BoldItalic.ttf in Resources */ = {isa = PBXBuildFile; fileRef = C15ECC4B20F400BB00BCAEB9 /* OpenSans-BoldItalic.ttf */; };
		C15ECC6920F400BB00BCAEB9 /* Roboto-Medium.ttf in Resources */ = {isa = PBXBuildFile; fileRef = C15ECC4D20F400BB00BCAEB9 /* Roboto-Medium.ttf */; };
		C15ECC6B20F400BB00BCAEB9 /* Roboto-Regular.ttf in Resources */ = {isa = PBXBuildFile; fileRef = C15ECC4F20F400BB00BCAEB9 /* Roboto-Regular.ttf */; };
		C15ECC6C20F400BB00BCAEB9 /* Roboto-MediumItalic.ttf in Resources */ = {isa = PBXBuildFile; fileRef = C15ECC5020F400BB00BCAEB9 /* Roboto-MediumItalic.ttf */; };
		C15ECC6D20F400BB00BCAEB9 /* Roboto-ThinItalic.ttf in Resources */ = {isa = PBXBuildFile; fileRef = C15ECC5120F400BB00BCAEB9 /* Roboto-ThinItalic.ttf */; };
		C15ECC6E20F400BB00BCAEB9 /* Roboto-BoldItalic.ttf in Resources */ = {isa = PBXBuildFile; fileRef = C15ECC5220F400BB00BCAEB9 /* Roboto-BoldItalic.ttf */; };
		C15ECC7020F400BB00BCAEB9 /* Roboto-Italic.ttf in Resources */ = {isa = PBXBuildFile; fileRef = C15ECC5420F400BB00BCAEB9 /* Roboto-Italic.ttf */; };
		C15ECC7220F400BB00BCAEB9 /* Roboto-BlackItalic.ttf in Resources */ = {isa = PBXBuildFile; fileRef = C15ECC5620F400BB00BCAEB9 /* Roboto-BlackItalic.ttf */; };
		C15ECC7320F400BB00BCAEB9 /* Roboto-Bold.ttf in Resources */ = {isa = PBXBuildFile; fileRef = C15ECC5720F400BB00BCAEB9 /* Roboto-Bold.ttf */; };
		C15ECC7420F400BB00BCAEB9 /* Roboto-Thin.ttf in Resources */ = {isa = PBXBuildFile; fileRef = C15ECC5820F400BB00BCAEB9 /* Roboto-Thin.ttf */; };
		C15ECC7520F400BB00BCAEB9 /* Roboto-Black.ttf in Resources */ = {isa = PBXBuildFile; fileRef = C15ECC5920F400BB00BCAEB9 /* Roboto-Black.ttf */; };
		C15ECC7820F400D800BCAEB9 /* FontManager.swift in Sources */ = {isa = PBXBuildFile; fileRef = C15ECC7720F400D800BCAEB9 /* FontManager.swift */; };
		C1C1270C20F40D0C00E31D4F /* BaseNetworkManager.swift in Sources */ = {isa = PBXBuildFile; fileRef = C1C1270B20F40D0C00E31D4F /* BaseNetworkManager.swift */; };
		C1C1271020F40D7900E31D4F /* BaseRouter.swift in Sources */ = {isa = PBXBuildFile; fileRef = C1C1270F20F40D7900E31D4F /* BaseRouter.swift */; };
		C1C1271220F40DE200E31D4F /* APIError.swift in Sources */ = {isa = PBXBuildFile; fileRef = C1C1271120F40DE200E31D4F /* APIError.swift */; };
		C1C1271420F40E7D00E31D4F /* EnviromentManager.swift in Sources */ = {isa = PBXBuildFile; fileRef = C1C1271320F40E7D00E31D4F /* EnviromentManager.swift */; };
		C1C1271620F4106600E31D4F /* SearchManager.swift in Sources */ = {isa = PBXBuildFile; fileRef = C1C1271520F4106600E31D4F /* SearchManager.swift */; };
		C1D623F020F557BE004A3E42 /* DateExtentions.swift in Sources */ = {isa = PBXBuildFile; fileRef = C1D623EF20F557BE004A3E42 /* DateExtentions.swift */; };
		C1DD9F2920F80BDE008B75D0 /* SuggestedListModel.xcdatamodeld in Sources */ = {isa = PBXBuildFile; fileRef = C1DD9F2720F80BDE008B75D0 /* SuggestedListModel.xcdatamodeld */; };
		C1EF1335E9652971905413E8 /* Pods_Careem_Assignment.framework in Frameworks */ = {isa = PBXBuildFile; fileRef = D3784E17ABC4D90DB4CBB7A4 /* Pods_Careem_Assignment.framework */; };
/* End PBXBuildFile section */

/* Begin PBXContainerItemProxy section */
		C15ECC0B20F3F08200BCAEB9 /* PBXContainerItemProxy */ = {
			isa = PBXContainerItemProxy;
			containerPortal = C15ECBEE20F3F08100BCAEB9 /* Project object */;
			proxyType = 1;
			remoteGlobalIDString = C15ECBF520F3F08200BCAEB9;
			remoteInfo = "Careem​Assignment";
		};
		C15ECC1620F3F08200BCAEB9 /* PBXContainerItemProxy */ = {
			isa = PBXContainerItemProxy;
			containerPortal = C15ECBEE20F3F08100BCAEB9 /* Project object */;
			proxyType = 1;
			remoteGlobalIDString = C15ECBF520F3F08200BCAEB9;
			remoteInfo = "Careem​Assignment";
		};
/* End PBXContainerItemProxy section */

/* Begin PBXFileReference section */
		67600918258ED566263F500B /* Pods-Careem​Assignment.release.xcconfig */ = {isa = PBXFileReference; includeInIndex = 1; lastKnownFileType = text.xcconfig; name = "Pods-Careem​Assignment.release.xcconfig"; path = "Pods/Target Support Files/Pods-Careem​Assignment/Pods-Careem​Assignment.release.xcconfig"; sourceTree = "<group>"; };
		A6BFBC372F50CBFFA49EEEC9 /* Pods-Careem​Assignment.debug.xcconfig */ = {isa = PBXFileReference; includeInIndex = 1; lastKnownFileType = text.xcconfig; name = "Pods-Careem​Assignment.debug.xcconfig"; path = "Pods/Target Support Files/Pods-Careem​Assignment/Pods-Careem​Assignment.debug.xcconfig"; sourceTree = "<group>"; };
		C15ECBF620F3F08200BCAEB9 /* Careem​Assignment.app */ = {isa = PBXFileReference; explicitFileType = wrapper.application; includeInIndex = 0; path = "Careem​Assignment.app"; sourceTree = BUILT_PRODUCTS_DIR; };
		C15ECBF920F3F08200BCAEB9 /* AppDelegate.swift */ = {isa = PBXFileReference; lastKnownFileType = sourcecode.swift; path = AppDelegate.swift; sourceTree = "<group>"; };
		C15ECBFE20F3F08200BCAEB9 /* Base */ = {isa = PBXFileReference; lastKnownFileType = file.storyboard; name = Base; path = Base.lproj/Main.storyboard; sourceTree = "<group>"; };
		C15ECC0020F3F08200BCAEB9 /* Assets.xcassets */ = {isa = PBXFileReference; lastKnownFileType = folder.assetcatalog; path = Assets.xcassets; sourceTree = "<group>"; };
		C15ECC0320F3F08200BCAEB9 /* Base */ = {isa = PBXFileReference; lastKnownFileType = file.storyboard; name = Base; path = Base.lproj/LaunchScreen.storyboard; sourceTree = "<group>"; };
		C15ECC0520F3F08200BCAEB9 /* Info.plist */ = {isa = PBXFileReference; lastKnownFileType = text.plist.xml; path = Info.plist; sourceTree = "<group>"; };
		C15ECC0A20F3F08200BCAEB9 /* Careem​AssignmentTests.xctest */ = {isa = PBXFileReference; explicitFileType = wrapper.cfbundle; includeInIndex = 0; path = "Careem​AssignmentTests.xctest"; sourceTree = BUILT_PRODUCTS_DIR; };
		C15ECC0E20F3F08200BCAEB9 /* Careem_AssignmentTests.swift */ = {isa = PBXFileReference; lastKnownFileType = sourcecode.swift; path = Careem_AssignmentTests.swift; sourceTree = "<group>"; };
		C15ECC1020F3F08200BCAEB9 /* Info.plist */ = {isa = PBXFileReference; lastKnownFileType = text.plist.xml; path = Info.plist; sourceTree = "<group>"; };
		C15ECC1520F3F08200BCAEB9 /* Careem​AssignmentUITests.xctest */ = {isa = PBXFileReference; explicitFileType = wrapper.cfbundle; includeInIndex = 0; path = "Careem​AssignmentUITests.xctest"; sourceTree = BUILT_PRODUCTS_DIR; };
		C15ECC1920F3F08200BCAEB9 /* Careem_AssignmentUITests.swift */ = {isa = PBXFileReference; lastKnownFileType = sourcecode.swift; path = Careem_AssignmentUITests.swift; sourceTree = "<group>"; };
		C15ECC1B20F3F08200BCAEB9 /* Info.plist */ = {isa = PBXFileReference; lastKnownFileType = text.plist.xml; path = Info.plist; sourceTree = "<group>"; };
		C15ECC2D20F3FAD500BCAEB9 /* BaseViewController.swift */ = {isa = PBXFileReference; lastKnownFileType = sourcecode.swift; path = BaseViewController.swift; sourceTree = "<group>"; };
		C15ECC2F20F3FB1200BCAEB9 /* Search.storyboard */ = {isa = PBXFileReference; fileEncoding = 4; lastKnownFileType = file.storyboard; path = Search.storyboard; sourceTree = "<group>"; };
		C15ECC3120F3FB1F00BCAEB9 /* SearchViewController.swift */ = {isa = PBXFileReference; fileEncoding = 4; lastKnownFileType = sourcecode.swift; path = SearchViewController.swift; sourceTree = "<group>"; };
		C15ECC3420F3FFD300BCAEB9 /* MovieTableViewCell.swift */ = {isa = PBXFileReference; fileEncoding = 4; lastKnownFileType = sourcecode.swift; path = MovieTableViewCell.swift; sourceTree = "<group>"; };
		C15ECC3520F3FFD300BCAEB9 /* MovieTableViewCell.xib */ = {isa = PBXFileReference; fileEncoding = 4; lastKnownFileType = file.xib; path = MovieTableViewCell.xib; sourceTree = "<group>"; };
		C15ECC3820F4001300BCAEB9 /* MovieModel.swift */ = {isa = PBXFileReference; lastKnownFileType = sourcecode.swift; path = MovieModel.swift; sourceTree = "<group>"; };
		C15ECC3C20F400BB00BCAEB9 /* RobotoSlab-Thin.ttf */ = {isa = PBXFileReference; lastKnownFileType = file; path = "RobotoSlab-Thin.ttf"; sourceTree = "<group>"; };
		C15ECC3D20F400BB00BCAEB9 /* RobotoSlab-Bold.ttf */ = {isa = PBXFileReference; lastKnownFileType = file; path = "RobotoSlab-Bold.ttf"; sourceTree = "<group>"; };
		C15ECC3E20F400BB00BCAEB9 /* RobotoSlab-Light.ttf */ = {isa = PBXFileReference; lastKnownFileType = file; path = "RobotoSlab-Light.ttf"; sourceTree = "<group>"; };
		C15ECC3F20F400BB00BCAEB9 /* RobotoSlab-Regular.ttf */ = {isa = PBXFileReference; lastKnownFileType = file; path = "RobotoSlab-Regular.ttf"; sourceTree = "<group>"; };
		C15ECC4120F400BB00BCAEB9 /* OpenSans-SemiBold.ttf */ = {isa = PBXFileReference; lastKnownFileType = file; path = "OpenSans-SemiBold.ttf"; sourceTree = "<group>"; };
		C15ECC4220F400BB00BCAEB9 /* OpenSans-Light.ttf */ = {isa = PBXFileReference; lastKnownFileType = file; path = "OpenSans-Light.ttf"; sourceTree = "<group>"; };
		C15ECC4320F400BB00BCAEB9 /* OpenSans-Italic.ttf */ = {isa = PBXFileReference; lastKnownFileType = file; path = "OpenSans-Italic.ttf"; sourceTree = "<group>"; };
		C15ECC4420F400BB00BCAEB9 /* OpenSans-ExtraBold.ttf */ = {isa = PBXFileReference; lastKnownFileType = file; path = "OpenSans-ExtraBold.ttf"; sourceTree = "<group>"; };
		C15ECC4520F400BB00BCAEB9 /* OpenSans-LightItalic.ttf */ = {isa = PBXFileReference; lastKnownFileType = file; path = "OpenSans-LightItalic.ttf"; sourceTree = "<group>"; };
		C15ECC4620F400BB00BCAEB9 /* OpenSans-Bold.ttf */ = {isa = PBXFileReference; lastKnownFileType = file; path = "OpenSans-Bold.ttf"; sourceTree = "<group>"; };
		C15ECC4720F400BB00BCAEB9 /* OpenSans-SemiBoldItalic.ttf */ = {isa = PBXFileReference; lastKnownFileType = file; path = "OpenSans-SemiBoldItalic.ttf"; sourceTree = "<group>"; };
		C15ECC4820F400BB00BCAEB9 /* OpenSans-ExtraBoldItalic.ttf */ = {isa = PBXFileReference; lastKnownFileType = file; path = "OpenSans-ExtraBoldItalic.ttf"; sourceTree = "<group>"; };
		C15ECC4920F400BB00BCAEB9 /* LICENSE.txt */ = {isa = PBXFileReference; fileEncoding = 4; lastKnownFileType = text; path = LICENSE.txt; sourceTree = "<group>"; };
		C15ECC4A20F400BB00BCAEB9 /* OpenSans-Regular.ttf */ = {isa = PBXFileReference; lastKnownFileType = file; path = "OpenSans-Regular.ttf"; sourceTree = "<group>"; };
		C15ECC4B20F400BB00BCAEB9 /* OpenSans-BoldItalic.ttf */ = {isa = PBXFileReference; lastKnownFileType = file; path = "OpenSans-BoldItalic.ttf"; sourceTree = "<group>"; };
		C15ECC4D20F400BB00BCAEB9 /* Roboto-Medium.ttf */ = {isa = PBXFileReference; lastKnownFileType = file; path = "Roboto-Medium.ttf"; sourceTree = "<group>"; };
		C15ECC4E20F400BB00BCAEB9 /* Roboto-Light.ttf */ = {isa = PBXFileReference; lastKnownFileType = file; path = "Roboto-Light.ttf"; sourceTree = "<group>"; };
		C15ECC4F20F400BB00BCAEB9 /* Roboto-Regular.ttf */ = {isa = PBXFileReference; lastKnownFileType = file; path = "Roboto-Regular.ttf"; sourceTree = "<group>"; };
		C15ECC5020F400BB00BCAEB9 /* Roboto-MediumItalic.ttf */ = {isa = PBXFileReference; lastKnownFileType = file; path = "Roboto-MediumItalic.ttf"; sourceTree = "<group>"; };
		C15ECC5120F400BB00BCAEB9 /* Roboto-ThinItalic.ttf */ = {isa = PBXFileReference; lastKnownFileType = file; path = "Roboto-ThinItalic.ttf"; sourceTree = "<group>"; };
		C15ECC5220F400BB00BCAEB9 /* Roboto-BoldItalic.ttf */ = {isa = PBXFileReference; lastKnownFileType = file; path = "Roboto-BoldItalic.ttf"; sourceTree = "<group>"; };
		C15ECC5320F400BB00BCAEB9 /* Roboto-LightItalic.ttf */ = {isa = PBXFileReference; lastKnownFileType = file; path = "Roboto-LightItalic.ttf"; sourceTree = "<group>"; };
		C15ECC5420F400BB00BCAEB9 /* Roboto-Italic.ttf */ = {isa = PBXFileReference; lastKnownFileType = file; path = "Roboto-Italic.ttf"; sourceTree = "<group>"; };
		C15ECC5520F400BB00BCAEB9 /* LICENSE.txt */ = {isa = PBXFileReference; fileEncoding = 4; lastKnownFileType = text; path = LICENSE.txt; sourceTree = "<group>"; };
		C15ECC5620F400BB00BCAEB9 /* Roboto-BlackItalic.ttf */ = {isa = PBXFileReference; lastKnownFileType = file; path = "Roboto-BlackItalic.ttf"; sourceTree = "<group>"; };
		C15ECC5720F400BB00BCAEB9 /* Roboto-Bold.ttf */ = {isa = PBXFileReference; lastKnownFileType = file; path = "Roboto-Bold.ttf"; sourceTree = "<group>"; };
		C15ECC5820F400BB00BCAEB9 /* Roboto-Thin.ttf */ = {isa = PBXFileReference; lastKnownFileType = file; path = "Roboto-Thin.ttf"; sourceTree = "<group>"; };
		C15ECC5920F400BB00BCAEB9 /* Roboto-Black.ttf */ = {isa = PBXFileReference; lastKnownFileType = file; path = "Roboto-Black.ttf"; sourceTree = "<group>"; };
		C15ECC7720F400D800BCAEB9 /* FontManager.swift */ = {isa = PBXFileReference; lastKnownFileType = sourcecode.swift; path = FontManager.swift; sourceTree = "<group>"; };
		C1C1270B20F40D0C00E31D4F /* BaseNetworkManager.swift */ = {isa = PBXFileReference; fileEncoding = 4; lastKnownFileType = sourcecode.swift; path = BaseNetworkManager.swift; sourceTree = "<group>"; };
		C1C1270F20F40D7900E31D4F /* BaseRouter.swift */ = {isa = PBXFileReference; fileEncoding = 4; lastKnownFileType = sourcecode.swift; path = BaseRouter.swift; sourceTree = "<group>"; };
		C1C1271120F40DE200E31D4F /* APIError.swift */ = {isa = PBXFileReference; fileEncoding = 4; lastKnownFileType = sourcecode.swift; path = APIError.swift; sourceTree = "<group>"; };
		C1C1271320F40E7D00E31D4F /* EnviromentManager.swift */ = {isa = PBXFileReference; fileEncoding = 4; lastKnownFileType = sourcecode.swift; path = EnviromentManager.swift; sourceTree = "<group>"; };
		C1C1271520F4106600E31D4F /* SearchManager.swift */ = {isa = PBXFileReference; fileEncoding = 4; lastKnownFileType = sourcecode.swift; path = SearchManager.swift; sourceTree = "<group>"; };
		C1D623EF20F557BE004A3E42 /* DateExtentions.swift */ = {isa = PBXFileReference; lastKnownFileType = sourcecode.swift; path = DateExtentions.swift; sourceTree = "<group>"; };
		C1DD9F2820F80BDE008B75D0 /* SuggestedListModel.xcdatamodel */ = {isa = PBXFileReference; lastKnownFileType = wrapper.xcdatamodel; path = SuggestedListModel.xcdatamodel; sourceTree = "<group>"; };
		D3784E17ABC4D90DB4CBB7A4 /* Pods_Careem_Assignment.framework */ = {isa = PBXFileReference; explicitFileType = wrapper.framework; includeInIndex = 0; path = Pods_Careem_Assignment.framework; sourceTree = BUILT_PRODUCTS_DIR; };
/* End PBXFileReference section */

/* Begin PBXFrameworksBuildPhase section */
		C15ECBF320F3F08200BCAEB9 /* Frameworks */ = {
			isa = PBXFrameworksBuildPhase;
			buildActionMask = 2147483647;
			files = (
				C1EF1335E9652971905413E8 /* Pods_Careem_Assignment.framework in Frameworks */,
			);
			runOnlyForDeploymentPostprocessing = 0;
		};
		C15ECC0720F3F08200BCAEB9 /* Frameworks */ = {
			isa = PBXFrameworksBuildPhase;
			buildActionMask = 2147483647;
			files = (
			);
			runOnlyForDeploymentPostprocessing = 0;
		};
		C15ECC1220F3F08200BCAEB9 /* Frameworks */ = {
			isa = PBXFrameworksBuildPhase;
			buildActionMask = 2147483647;
			files = (
			);
			runOnlyForDeploymentPostprocessing = 0;
		};
/* End PBXFrameworksBuildPhase section */

/* Begin PBXGroup section */
		49F0FC0331AA9F6BBE3EF822 /* Frameworks */ = {
			isa = PBXGroup;
			children = (
				D3784E17ABC4D90DB4CBB7A4 /* Pods_Careem_Assignment.framework */,
			);
			name = Frameworks;
			sourceTree = "<group>";
		};
		C15ECBED20F3F08100BCAEB9 = {
			isa = PBXGroup;
			children = (
				C15ECBF820F3F08200BCAEB9 /* Careem​Assignment */,
				C15ECC0D20F3F08200BCAEB9 /* Careem​AssignmentTests */,
				C15ECC1820F3F08200BCAEB9 /* Careem​AssignmentUITests */,
				C15ECBF720F3F08200BCAEB9 /* Products */,
				CD6808B90816DE348D443187 /* Pods */,
				49F0FC0331AA9F6BBE3EF822 /* Frameworks */,
			);
			sourceTree = "<group>";
		};
		C15ECBF720F3F08200BCAEB9 /* Products */ = {
			isa = PBXGroup;
			children = (
				C15ECBF620F3F08200BCAEB9 /* Careem​Assignment.app */,
				C15ECC0A20F3F08200BCAEB9 /* Careem​AssignmentTests.xctest */,
				C15ECC1520F3F08200BCAEB9 /* Careem​AssignmentUITests.xctest */,
			);
			name = Products;
			sourceTree = "<group>";
		};
		C15ECBF820F3F08200BCAEB9 /* Careem​Assignment */ = {
			isa = PBXGroup;
			children = (
				C15ECC2C20F3FA8E00BCAEB9 /* Utilites */,
				C15ECC2A20F3FA6600BCAEB9 /* Service */,
				C15ECC2920F3FA5900BCAEB9 /* Model */,
				C15ECC2820F3FA3B00BCAEB9 /* UI */,
				C15ECC2720F3F9B300BCAEB9 /* ViewControllers */,
				C15ECBF920F3F08200BCAEB9 /* AppDelegate.swift */,
				C15ECC0220F3F08200BCAEB9 /* LaunchScreen.storyboard */,
				C15ECC0520F3F08200BCAEB9 /* Info.plist */,
				C1DD9F2720F80BDE008B75D0 /* SuggestedListModel.xcdatamodeld */,
			);
			path = "Careem​Assignment";
			sourceTree = "<group>";
		};
		C15ECC0D20F3F08200BCAEB9 /* Careem​AssignmentTests */ = {
			isa = PBXGroup;
			children = (
				C15ECC0E20F3F08200BCAEB9 /* Careem_AssignmentTests.swift */,
				C15ECC1020F3F08200BCAEB9 /* Info.plist */,
			);
			path = "Careem​AssignmentTests";
			sourceTree = "<group>";
		};
		C15ECC1820F3F08200BCAEB9 /* Careem​AssignmentUITests */ = {
			isa = PBXGroup;
			children = (
				C15ECC1920F3F08200BCAEB9 /* Careem_AssignmentUITests.swift */,
				C15ECC1B20F3F08200BCAEB9 /* Info.plist */,
			);
			path = "Careem​AssignmentUITests";
			sourceTree = "<group>";
		};
		C15ECC2720F3F9B300BCAEB9 /* ViewControllers */ = {
			isa = PBXGroup;
			children = (
				C15ECC2D20F3FAD500BCAEB9 /* BaseViewController.swift */,
				C15ECC3120F3FB1F00BCAEB9 /* SearchViewController.swift */,
			);
			path = ViewControllers;
			sourceTree = "<group>";
		};
		C15ECC2820F3FA3B00BCAEB9 /* UI */ = {
			isa = PBXGroup;
			children = (
				C15ECC3320F3FFD300BCAEB9 /* Cells */,
				C15ECC2F20F3FB1200BCAEB9 /* Search.storyboard */,
				C15ECBFD20F3F08200BCAEB9 /* Main.storyboard */,
			);
			path = UI;
			sourceTree = "<group>";
		};
		C15ECC2920F3FA5900BCAEB9 /* Model */ = {
			isa = PBXGroup;
			children = (
				C15ECC3820F4001300BCAEB9 /* MovieModel.swift */,
				C1C1271120F40DE200E31D4F /* APIError.swift */,
			);
			path = Model;
			sourceTree = "<group>";
		};
		C15ECC2A20F3FA6600BCAEB9 /* Service */ = {
			isa = PBXGroup;
			children = (
				C1C1271520F4106600E31D4F /* SearchManager.swift */,
			);
			path = Service;
			sourceTree = "<group>";
		};
		C15ECC2C20F3FA8E00BCAEB9 /* Utilites */ = {
			isa = PBXGroup;
			children = (
				C1D623EE20F557A4004A3E42 /* Extentions */,
				C15ECC7620F400C600BCAEB9 /* Managers */,
				C15ECC3A20F400BB00BCAEB9 /* Fonts */,
				C15ECC0020F3F08200BCAEB9 /* Assets.xcassets */,
			);
			path = Utilites;
			sourceTree = "<group>";
		};
		C15ECC3320F3FFD300BCAEB9 /* Cells */ = {
			isa = PBXGroup;
			children = (
				C15ECC3420F3FFD300BCAEB9 /* MovieTableViewCell.swift */,
				C15ECC3520F3FFD300BCAEB9 /* MovieTableViewCell.xib */,
			);
			path = Cells;
			sourceTree = "<group>";
		};
		C15ECC3A20F400BB00BCAEB9 /* Fonts */ = {
			isa = PBXGroup;
			children = (
				C15ECC3B20F400BB00BCAEB9 /* Roboto_Slab */,
				C15ECC4020F400BB00BCAEB9 /* Open_Sans */,
				C15ECC4C20F400BB00BCAEB9 /* Roboto */,
			);
			path = Fonts;
			sourceTree = "<group>";
		};
		C15ECC3B20F400BB00BCAEB9 /* Roboto_Slab */ = {
			isa = PBXGroup;
			children = (
				C15ECC3C20F400BB00BCAEB9 /* RobotoSlab-Thin.ttf */,
				C15ECC3D20F400BB00BCAEB9 /* RobotoSlab-Bold.ttf */,
				C15ECC3E20F400BB00BCAEB9 /* RobotoSlab-Light.ttf */,
				C15ECC3F20F400BB00BCAEB9 /* RobotoSlab-Regular.ttf */,
			);
			path = Roboto_Slab;
			sourceTree = "<group>";
		};
		C15ECC4020F400BB00BCAEB9 /* Open_Sans */ = {
			isa = PBXGroup;
			children = (
				C15ECC4120F400BB00BCAEB9 /* OpenSans-SemiBold.ttf */,
				C15ECC4220F400BB00BCAEB9 /* OpenSans-Light.ttf */,
				C15ECC4320F400BB00BCAEB9 /* OpenSans-Italic.ttf */,
				C15ECC4420F400BB00BCAEB9 /* OpenSans-ExtraBold.ttf */,
				C15ECC4520F400BB00BCAEB9 /* OpenSans-LightItalic.ttf */,
				C15ECC4620F400BB00BCAEB9 /* OpenSans-Bold.ttf */,
				C15ECC4720F400BB00BCAEB9 /* OpenSans-SemiBoldItalic.ttf */,
				C15ECC4820F400BB00BCAEB9 /* OpenSans-ExtraBoldItalic.ttf */,
				C15ECC4920F400BB00BCAEB9 /* LICENSE.txt */,
				C15ECC4A20F400BB00BCAEB9 /* OpenSans-Regular.ttf */,
				C15ECC4B20F400BB00BCAEB9 /* OpenSans-BoldItalic.ttf */,
			);
			path = Open_Sans;
			sourceTree = "<group>";
		};
		C15ECC4C20F400BB00BCAEB9 /* Roboto */ = {
			isa = PBXGroup;
			children = (
				C15ECC4D20F400BB00BCAEB9 /* Roboto-Medium.ttf */,
				C15ECC4E20F400BB00BCAEB9 /* Roboto-Light.ttf */,
				C15ECC4F20F400BB00BCAEB9 /* Roboto-Regular.ttf */,
				C15ECC5020F400BB00BCAEB9 /* Roboto-MediumItalic.ttf */,
				C15ECC5120F400BB00BCAEB9 /* Roboto-ThinItalic.ttf */,
				C15ECC5220F400BB00BCAEB9 /* Roboto-BoldItalic.ttf */,
				C15ECC5320F400BB00BCAEB9 /* Roboto-LightItalic.ttf */,
				C15ECC5420F400BB00BCAEB9 /* Roboto-Italic.ttf */,
				C15ECC5520F400BB00BCAEB9 /* LICENSE.txt */,
				C15ECC5620F400BB00BCAEB9 /* Roboto-BlackItalic.ttf */,
				C15ECC5720F400BB00BCAEB9 /* Roboto-Bold.ttf */,
				C15ECC5820F400BB00BCAEB9 /* Roboto-Thin.ttf */,
				C15ECC5920F400BB00BCAEB9 /* Roboto-Black.ttf */,
			);
			path = Roboto;
			sourceTree = "<group>";
		};
		C15ECC7620F400C600BCAEB9 /* Managers */ = {
			isa = PBXGroup;
			children = (
				C1C1271320F40E7D00E31D4F /* EnviromentManager.swift */,
				C1C1270B20F40D0C00E31D4F /* BaseNetworkManager.swift */,
				C15ECC7720F400D800BCAEB9 /* FontManager.swift */,
				C1C1270F20F40D7900E31D4F /* BaseRouter.swift */,
			);
			path = Managers;
			sourceTree = "<group>";
		};
		C1D623EE20F557A4004A3E42 /* Extentions */ = {
			isa = PBXGroup;
			children = (
				C1D623EF20F557BE004A3E42 /* DateExtentions.swift */,
			);
			path = Extentions;
			sourceTree = "<group>";
		};
		CD6808B90816DE348D443187 /* Pods */ = {
			isa = PBXGroup;
			children = (
				A6BFBC372F50CBFFA49EEEC9 /* Pods-Careem​Assignment.debug.xcconfig */,
				67600918258ED566263F500B /* Pods-Careem​Assignment.release.xcconfig */,
			);
			name = Pods;
			sourceTree = "<group>";
		};
/* End PBXGroup section */

/* Begin PBXNativeTarget section */
		C15ECBF520F3F08200BCAEB9 /* Careem​Assignment */ = {
			isa = PBXNativeTarget;
			buildConfigurationList = C15ECC1E20F3F08200BCAEB9 /* Build configuration list for PBXNativeTarget "Careem​Assignment" */;
			buildPhases = (
				4C14863FAF4285F3DC86C9A8 /* [CP] Check Pods Manifest.lock */,
				C15ECBF220F3F08200BCAEB9 /* Sources */,
				C15ECBF320F3F08200BCAEB9 /* Frameworks */,
				C15ECBF420F3F08200BCAEB9 /* Resources */,
				B1EC34CD8878FF629FFE15C3 /* [CP] Embed Pods Frameworks */,
			);
			buildRules = (
			);
			dependencies = (
			);
			name = "Careem​Assignment";
			productName = "Careem​Assignment";
			productReference = C15ECBF620F3F08200BCAEB9 /* Careem​Assignment.app */;
			productType = "com.apple.product-type.application";
		};
		C15ECC0920F3F08200BCAEB9 /* Careem​AssignmentTests */ = {
			isa = PBXNativeTarget;
			buildConfigurationList = C15ECC2120F3F08200BCAEB9 /* Build configuration list for PBXNativeTarget "Careem​AssignmentTests" */;
			buildPhases = (
				C15ECC0620F3F08200BCAEB9 /* Sources */,
				C15ECC0720F3F08200BCAEB9 /* Frameworks */,
				C15ECC0820F3F08200BCAEB9 /* Resources */,
			);
			buildRules = (
			);
			dependencies = (
				C15ECC0C20F3F08200BCAEB9 /* PBXTargetDependency */,
			);
			name = "Careem​AssignmentTests";
			productName = "Careem​AssignmentTests";
			productReference = C15ECC0A20F3F08200BCAEB9 /* Careem​AssignmentTests.xctest */;
			productType = "com.apple.product-type.bundle.unit-test";
		};
		C15ECC1420F3F08200BCAEB9 /* Careem​AssignmentUITests */ = {
			isa = PBXNativeTarget;
			buildConfigurationList = C15ECC2420F3F08200BCAEB9 /* Build configuration list for PBXNativeTarget "Careem​AssignmentUITests" */;
			buildPhases = (
				C15ECC1120F3F08200BCAEB9 /* Sources */,
				C15ECC1220F3F08200BCAEB9 /* Frameworks */,
				C15ECC1320F3F08200BCAEB9 /* Resources */,
			);
			buildRules = (
			);
			dependencies = (
				C15ECC1720F3F08200BCAEB9 /* PBXTargetDependency */,
			);
			name = "Careem​AssignmentUITests";
			productName = "Careem​AssignmentUITests";
			productReference = C15ECC1520F3F08200BCAEB9 /* Careem​AssignmentUITests.xctest */;
			productType = "com.apple.product-type.bundle.ui-testing";
		};
/* End PBXNativeTarget section */

/* Begin PBXProject section */
		C15ECBEE20F3F08100BCAEB9 /* Project object */ = {
			isa = PBXProject;
			attributes = {
				LastSwiftUpdateCheck = 0920;
				LastUpgradeCheck = 0920;
				ORGANIZATIONNAME = "Martin Sorsok";
				TargetAttributes = {
					C15ECBF520F3F08200BCAEB9 = {
						CreatedOnToolsVersion = 9.2;
						ProvisioningStyle = Automatic;
					};
					C15ECC0920F3F08200BCAEB9 = {
						CreatedOnToolsVersion = 9.2;
						ProvisioningStyle = Automatic;
						TestTargetID = C15ECBF520F3F08200BCAEB9;
					};
					C15ECC1420F3F08200BCAEB9 = {
						CreatedOnToolsVersion = 9.2;
						ProvisioningStyle = Automatic;
						TestTargetID = C15ECBF520F3F08200BCAEB9;
					};
				};
			};
			buildConfigurationList = C15ECBF120F3F08100BCAEB9 /* Build configuration list for PBXProject "Careem​Assignment" */;
			compatibilityVersion = "Xcode 8.0";
			developmentRegion = en;
			hasScannedForEncodings = 0;
			knownRegions = (
				en,
				Base,
			);
			mainGroup = C15ECBED20F3F08100BCAEB9;
			productRefGroup = C15ECBF720F3F08200BCAEB9 /* Products */;
			projectDirPath = "";
			projectRoot = "";
			targets = (
				C15ECBF520F3F08200BCAEB9 /* Careem​Assignment */,
				C15ECC0920F3F08200BCAEB9 /* Careem​AssignmentTests */,
				C15ECC1420F3F08200BCAEB9 /* Careem​AssignmentUITests */,
			);
		};
/* End PBXProject section */

/* Begin PBXResourcesBuildPhase section */
		C15ECBF420F3F08200BCAEB9 /* Resources */ = {
			isa = PBXResourcesBuildPhase;
			buildActionMask = 2147483647;
			files = (
				C15ECC7420F400BB00BCAEB9 /* Roboto-Thin.ttf in Resources */,
				C15ECC6420F400BB00BCAEB9 /* OpenSans-SemiBoldItalic.ttf in Resources */,
				C15ECC6520F400BB00BCAEB9 /* OpenSans-ExtraBoldItalic.ttf in Resources */,
				C15ECC0420F3F08200BCAEB9 /* LaunchScreen.storyboard in Resources */,
				C15ECC0120F3F08200BCAEB9 /* Assets.xcassets in Resources */,
				C15ECC7520F400BB00BCAEB9 /* Roboto-Black.ttf in Resources */,
				C15ECC6E20F400BB00BCAEB9 /* Roboto-BoldItalic.ttf in Resources */,
				C15ECC6C20F400BB00BCAEB9 /* Roboto-MediumItalic.ttf in Resources */,
				C15ECC6D20F400BB00BCAEB9 /* Roboto-ThinItalic.ttf in Resources */,
				C15ECC7220F400BB00BCAEB9 /* Roboto-BlackItalic.ttf in Resources */,
				C15ECC6220F400BB00BCAEB9 /* OpenSans-LightItalic.ttf in Resources */,
				C15ECC5E20F400BB00BCAEB9 /* OpenSans-SemiBold.ttf in Resources */,
				C15ECC5B20F400BB00BCAEB9 /* RobotoSlab-Bold.ttf in Resources */,
				C15ECC5D20F400BB00BCAEB9 /* RobotoSlab-Regular.ttf in Resources */,
				C15ECC3720F3FFD300BCAEB9 /* MovieTableViewCell.xib in Resources */,
				C15ECC6820F400BB00BCAEB9 /* OpenSans-BoldItalic.ttf in Resources */,
				C15ECC5A20F400BB00BCAEB9 /* RobotoSlab-Thin.ttf in Resources */,
				C15ECC6020F400BB00BCAEB9 /* OpenSans-Italic.ttf in Resources */,
				C15ECC6B20F400BB00BCAEB9 /* Roboto-Regular.ttf in Resources */,
				C15ECC6920F400BB00BCAEB9 /* Roboto-Medium.ttf in Resources */,
				C15ECC5F20F400BB00BCAEB9 /* OpenSans-Light.ttf in Resources */,
				C15ECC7020F400BB00BCAEB9 /* Roboto-Italic.ttf in Resources */,
				C15ECBFF20F3F08200BCAEB9 /* Main.storyboard in Resources */,
				C15ECC7320F400BB00BCAEB9 /* Roboto-Bold.ttf in Resources */,
				C15ECC6120F400BB00BCAEB9 /* OpenSans-ExtraBold.ttf in Resources */,
			);
			runOnlyForDeploymentPostprocessing = 0;
		};
		C15ECC0820F3F08200BCAEB9 /* Resources */ = {
			isa = PBXResourcesBuildPhase;
			buildActionMask = 2147483647;
			files = (
			);
			runOnlyForDeploymentPostprocessing = 0;
		};
		C15ECC1320F3F08200BCAEB9 /* Resources */ = {
			isa = PBXResourcesBuildPhase;
			buildActionMask = 2147483647;
			files = (
			);
			runOnlyForDeploymentPostprocessing = 0;
		};
/* End PBXResourcesBuildPhase section */

/* Begin PBXShellScriptBuildPhase section */
		4C14863FAF4285F3DC86C9A8 /* [CP] Check Pods Manifest.lock */ = {
			isa = PBXShellScriptBuildPhase;
			buildActionMask = 2147483647;
			files = (
			);
			inputPaths = (
				"${PODS_PODFILE_DIR_PATH}/Podfile.lock",
				"${PODS_ROOT}/Manifest.lock",
			);
			name = "[CP] Check Pods Manifest.lock";
			outputPaths = (
				"$(DERIVED_FILE_DIR)/Pods-Careem​Assignment-checkManifestLockResult.txt",
			);
			runOnlyForDeploymentPostprocessing = 0;
			shellPath = /bin/sh;
			shellScript = "diff \"${PODS_PODFILE_DIR_PATH}/Podfile.lock\" \"${PODS_ROOT}/Manifest.lock\" > /dev/null\nif [ $? != 0 ] ; then\n    # print error to STDERR\n    echo \"error: The sandbox is not in sync with the Podfile.lock. Run 'pod install' or update your CocoaPods installation.\" >&2\n    exit 1\nfi\n# This output is used by Xcode 'outputs' to avoid re-running this script phase.\necho \"SUCCESS\" > \"${SCRIPT_OUTPUT_FILE_0}\"\n";
			showEnvVarsInLog = 0;
		};
		B1EC34CD8878FF629FFE15C3 /* [CP] Embed Pods Frameworks */ = {
			isa = PBXShellScriptBuildPhase;
			buildActionMask = 2147483647;
			files = (
			);
			inputPaths = (
				"${SRCROOT}/Pods/Target Support Files/Pods-Careem​Assignment/Pods-Careem​Assignment-frameworks.sh",
				"${BUILT_PRODUCTS_DIR}/Alamofire/Alamofire.framework",
				"${BUILT_PRODUCTS_DIR}/DZNEmptyDataSet/DZNEmptyDataSet.framework",
				"${BUILT_PRODUCTS_DIR}/IHKeyboardAvoiding/IHKeyboardAvoiding.framework",
				"${BUILT_PRODUCTS_DIR}/IQKeyboardManagerSwift/IQKeyboardManagerSwift.framework",
				"${BUILT_PRODUCTS_DIR}/Kingfisher/Kingfisher.framework",
				"${BUILT_PRODUCTS_DIR}/NVActivityIndicatorView/NVActivityIndicatorView.framework",
				"${BUILT_PRODUCTS_DIR}/ObjectMapper/ObjectMapper.framework",
				"${BUILT_PRODUCTS_DIR}/ShadowView/ShadowView.framework",
				"${BUILT_PRODUCTS_DIR}/UIScrollView-InfiniteScroll/UIScrollView_InfiniteScroll.framework",
			);
			name = "[CP] Embed Pods Frameworks";
			outputPaths = (
				"${TARGET_BUILD_DIR}/${FRAMEWORKS_FOLDER_PATH}/Alamofire.framework",
				"${TARGET_BUILD_DIR}/${FRAMEWORKS_FOLDER_PATH}/DZNEmptyDataSet.framework",
				"${TARGET_BUILD_DIR}/${FRAMEWORKS_FOLDER_PATH}/IHKeyboardAvoiding.framework",
				"${TARGET_BUILD_DIR}/${FRAMEWORKS_FOLDER_PATH}/IQKeyboardManagerSwift.framework",
				"${TARGET_BUILD_DIR}/${FRAMEWORKS_FOLDER_PATH}/Kingfisher.framework",
				"${TARGET_BUILD_DIR}/${FRAMEWORKS_FOLDER_PATH}/NVActivityIndicatorView.framework",
				"${TARGET_BUILD_DIR}/${FRAMEWORKS_FOLDER_PATH}/ObjectMapper.framework",
				"${TARGET_BUILD_DIR}/${FRAMEWORKS_FOLDER_PATH}/ShadowView.framework",
				"${TARGET_BUILD_DIR}/${FRAMEWORKS_FOLDER_PATH}/UIScrollView_InfiniteScroll.framework",
			);
			runOnlyForDeploymentPostprocessing = 0;
			shellPath = /bin/sh;
			shellScript = "\"${SRCROOT}/Pods/Target Support Files/Pods-Careem​Assignment/Pods-Careem​Assignment-frameworks.sh\"\n";
			showEnvVarsInLog = 0;
		};
/* End PBXShellScriptBuildPhase section */

/* Begin PBXSourcesBuildPhase section */
		C15ECBF220F3F08200BCAEB9 /* Sources */ = {
			isa = PBXSourcesBuildPhase;
			buildActionMask = 2147483647;
			files = (
				C15ECC3220F3FB1F00BCAEB9 /* SearchViewController.swift in Sources */,
				C1DD9F2920F80BDE008B75D0 /* SuggestedListModel.xcdatamodeld in Sources */,
				C15ECC3620F3FFD300BCAEB9 /* MovieTableViewCell.swift in Sources */,
				C15ECC3920F4001300BCAEB9 /* MovieModel.swift in Sources */,
				C15ECBFA20F3F08200BCAEB9 /* AppDelegate.swift in Sources */,
				C1C1270C20F40D0C00E31D4F /* BaseNetworkManager.swift in Sources */,
				C15ECC7820F400D800BCAEB9 /* FontManager.swift in Sources */,
				C1D623F020F557BE004A3E42 /* DateExtentions.swift in Sources */,
				C1C1271420F40E7D00E31D4F /* EnviromentManager.swift in Sources */,
				C1C1271620F4106600E31D4F /* SearchManager.swift in Sources */,
				C15ECC2E20F3FAD500BCAEB9 /* BaseViewController.swift in Sources */,
				C1C1271020F40D7900E31D4F /* BaseRouter.swift in Sources */,
				C1C1271220F40DE200E31D4F /* APIError.swift in Sources */,
			);
			runOnlyForDeploymentPostprocessing = 0;
		};
		C15ECC0620F3F08200BCAEB9 /* Sources */ = {
			isa = PBXSourcesBuildPhase;
			buildActionMask = 2147483647;
			files = (
				C15ECC0F20F3F08200BCAEB9 /* Careem_AssignmentTests.swift in Sources */,
			);
			runOnlyForDeploymentPostprocessing = 0;
		};
		C15ECC1120F3F08200BCAEB9 /* Sources */ = {
			isa = PBXSourcesBuildPhase;
			buildActionMask = 2147483647;
			files = (
				C15ECC1A20F3F08200BCAEB9 /* Careem_AssignmentUITests.swift in Sources */,
			);
			runOnlyForDeploymentPostprocessing = 0;
		};
/* End PBXSourcesBuildPhase section */

/* Begin PBXTargetDependency section */
		C15ECC0C20F3F08200BCAEB9 /* PBXTargetDependency */ = {
			isa = PBXTargetDependency;
			target = C15ECBF520F3F08200BCAEB9 /* Careem​Assignment */;
			targetProxy = C15ECC0B20F3F08200BCAEB9 /* PBXContainerItemProxy */;
		};
		C15ECC1720F3F08200BCAEB9 /* PBXTargetDependency */ = {
			isa = PBXTargetDependency;
			target = C15ECBF520F3F08200BCAEB9 /* Careem​Assignment */;
			targetProxy = C15ECC1620F3F08200BCAEB9 /* PBXContainerItemProxy */;
		};
/* End PBXTargetDependency section */

/* Begin PBXVariantGroup section */
		C15ECBFD20F3F08200BCAEB9 /* Main.storyboard */ = {
			isa = PBXVariantGroup;
			children = (
				C15ECBFE20F3F08200BCAEB9 /* Base */,
			);
			name = Main.storyboard;
			sourceTree = "<group>";
		};
		C15ECC0220F3F08200BCAEB9 /* LaunchScreen.storyboard */ = {
			isa = PBXVariantGroup;
			children = (
				C15ECC0320F3F08200BCAEB9 /* Base */,
			);
			name = LaunchScreen.storyboard;
			sourceTree = "<group>";
		};
/* End PBXVariantGroup section */

/* Begin XCBuildConfiguration section */
		C15ECC1C20F3F08200BCAEB9 /* Debug */ = {
			isa = XCBuildConfiguration;
			buildSettings = {
				ALWAYS_SEARCH_USER_PATHS = NO;
				CLANG_ANALYZER_NONNULL = YES;
				CLANG_ANALYZER_NUMBER_OBJECT_CONVERSION = YES_AGGRESSIVE;
				CLANG_CXX_LANGUAGE_STANDARD = "gnu++14";
				CLANG_CXX_LIBRARY = "libc++";
				CLANG_ENABLE_MODULES = YES;
				CLANG_ENABLE_OBJC_ARC = YES;
				CLANG_WARN_BLOCK_CAPTURE_AUTORELEASING = YES;
				CLANG_WARN_BOOL_CONVERSION = YES;
				CLANG_WARN_COMMA = YES;
				CLANG_WARN_CONSTANT_CONVERSION = YES;
				CLANG_WARN_DIRECT_OBJC_ISA_USAGE = YES_ERROR;
				CLANG_WARN_DOCUMENTATION_COMMENTS = YES;
				CLANG_WARN_EMPTY_BODY = YES;
				CLANG_WARN_ENUM_CONVERSION = YES;
				CLANG_WARN_INFINITE_RECURSION = YES;
				CLANG_WARN_INT_CONVERSION = YES;
				CLANG_WARN_NON_LITERAL_NULL_CONVERSION = YES;
				CLANG_WARN_OBJC_LITERAL_CONVERSION = YES;
				CLANG_WARN_OBJC_ROOT_CLASS = YES_ERROR;
				CLANG_WARN_RANGE_LOOP_ANALYSIS = YES;
				CLANG_WARN_STRICT_PROTOTYPES = YES;
				CLANG_WARN_SUSPICIOUS_MOVE = YES;
				CLANG_WARN_UNGUARDED_AVAILABILITY = YES_AGGRESSIVE;
				CLANG_WARN_UNREACHABLE_CODE = YES;
				CLANG_WARN__DUPLICATE_METHOD_MATCH = YES;
				CODE_SIGN_IDENTITY = "iPhone Developer";
				COPY_PHASE_STRIP = NO;
				DEBUG_INFORMATION_FORMAT = dwarf;
				ENABLE_STRICT_OBJC_MSGSEND = YES;
				ENABLE_TESTABILITY = YES;
				GCC_C_LANGUAGE_STANDARD = gnu11;
				GCC_DYNAMIC_NO_PIC = NO;
				GCC_NO_COMMON_BLOCKS = YES;
				GCC_OPTIMIZATION_LEVEL = 0;
				GCC_PREPROCESSOR_DEFINITIONS = (
					"DEBUG=1",
					"$(inherited)",
				);
				GCC_WARN_64_TO_32_BIT_CONVERSION = YES;
				GCC_WARN_ABOUT_RETURN_TYPE = YES_ERROR;
				GCC_WARN_UNDECLARED_SELECTOR = YES;
				GCC_WARN_UNINITIALIZED_AUTOS = YES_AGGRESSIVE;
				GCC_WARN_UNUSED_FUNCTION = YES;
				GCC_WARN_UNUSED_VARIABLE = YES;
				IPHONEOS_DEPLOYMENT_TARGET = 11.2;
				MTL_ENABLE_DEBUG_INFO = YES;
				ONLY_ACTIVE_ARCH = YES;
				SDKROOT = iphoneos;
				SWIFT_ACTIVE_COMPILATION_CONDITIONS = DEBUG;
				SWIFT_OPTIMIZATION_LEVEL = "-Onone";
			};
			name = Debug;
		};
		C15ECC1D20F3F08200BCAEB9 /* Release */ = {
			isa = XCBuildConfiguration;
			buildSettings = {
				ALWAYS_SEARCH_USER_PATHS = NO;
				CLANG_ANALYZER_NONNULL = YES;
				CLANG_ANALYZER_NUMBER_OBJECT_CONVERSION = YES_AGGRESSIVE;
				CLANG_CXX_LANGUAGE_STANDARD = "gnu++14";
				CLANG_CXX_LIBRARY = "libc++";
				CLANG_ENABLE_MODULES = YES;
				CLANG_ENABLE_OBJC_ARC = YES;
				CLANG_WARN_BLOCK_CAPTURE_AUTORELEASING = YES;
				CLANG_WARN_BOOL_CONVERSION = YES;
				CLANG_WARN_COMMA = YES;
				CLANG_WARN_CONSTANT_CONVERSION = YES;
				CLANG_WARN_DIRECT_OBJC_ISA_USAGE = YES_ERROR;
				CLANG_WARN_DOCUMENTATION_COMMENTS = YES;
				CLANG_WARN_EMPTY_BODY = YES;
				CLANG_WARN_ENUM_CONVERSION = YES;
				CLANG_WARN_INFINITE_RECURSION = YES;
				CLANG_WARN_INT_CONVERSION = YES;
				CLANG_WARN_NON_LITERAL_NULL_CONVERSION = YES;
				CLANG_WARN_OBJC_LITERAL_CONVERSION = YES;
				CLANG_WARN_OBJC_ROOT_CLASS = YES_ERROR;
				CLANG_WARN_RANGE_LOOP_ANALYSIS = YES;
				CLANG_WARN_STRICT_PROTOTYPES = YES;
				CLANG_WARN_SUSPICIOUS_MOVE = YES;
				CLANG_WARN_UNGUARDED_AVAILABILITY = YES_AGGRESSIVE;
				CLANG_WARN_UNREACHABLE_CODE = YES;
				CLANG_WARN__DUPLICATE_METHOD_MATCH = YES;
				CODE_SIGN_IDENTITY = "iPhone Developer";
				COPY_PHASE_STRIP = NO;
				DEBUG_INFORMATION_FORMAT = "dwarf-with-dsym";
				ENABLE_NS_ASSERTIONS = NO;
				ENABLE_STRICT_OBJC_MSGSEND = YES;
				GCC_C_LANGUAGE_STANDARD = gnu11;
				GCC_NO_COMMON_BLOCKS = YES;
				GCC_WARN_64_TO_32_BIT_CONVERSION = YES;
				GCC_WARN_ABOUT_RETURN_TYPE = YES_ERROR;
				GCC_WARN_UNDECLARED_SELECTOR = YES;
				GCC_WARN_UNINITIALIZED_AUTOS = YES_AGGRESSIVE;
				GCC_WARN_UNUSED_FUNCTION = YES;
				GCC_WARN_UNUSED_VARIABLE = YES;
				IPHONEOS_DEPLOYMENT_TARGET = 11.2;
				MTL_ENABLE_DEBUG_INFO = NO;
				SDKROOT = iphoneos;
				SWIFT_OPTIMIZATION_LEVEL = "-Owholemodule";
				VALIDATE_PRODUCT = YES;
			};
			name = Release;
		};
		C15ECC1F20F3F08200BCAEB9 /* Debug */ = {
			isa = XCBuildConfiguration;
			baseConfigurationReference = A6BFBC372F50CBFFA49EEEC9 /* Pods-Careem​Assignment.debug.xcconfig */;
			buildSettings = {
				ASSETCATALOG_COMPILER_APPICON_NAME = AppIcon;
				CODE_SIGN_STYLE = Automatic;
				DEVELOPMENT_TEAM = E33T68GW9Q;
				INFOPLIST_FILE = "Careem​Assignment/Info.plist";
				IPHONEOS_DEPLOYMENT_TARGET = 9.0;
				LD_RUNPATH_SEARCH_PATHS = "$(inherited) @executable_path/Frameworks";
				PRODUCT_BUNDLE_IDENTIFIER = "mr10-idev.Careem-Assignment";
				PRODUCT_NAME = "$(TARGET_NAME)";
				SWIFT_VERSION = 4.0;
				TARGETED_DEVICE_FAMILY = 1;
			};
			name = Debug;
		};
		C15ECC2020F3F08200BCAEB9 /* Release */ = {
			isa = XCBuildConfiguration;
			baseConfigurationReference = 67600918258ED566263F500B /* Pods-Careem​Assignment.release.xcconfig */;
			buildSettings = {
				ASSETCATALOG_COMPILER_APPICON_NAME = AppIcon;
				CODE_SIGN_STYLE = Automatic;
				DEVELOPMENT_TEAM = E33T68GW9Q;
				INFOPLIST_FILE = "Careem​Assignment/Info.plist";
				IPHONEOS_DEPLOYMENT_TARGET = 9.0;
				LD_RUNPATH_SEARCH_PATHS = "$(inherited) @executable_path/Frameworks";
				PRODUCT_BUNDLE_IDENTIFIER = "mr10-idev.Careem-Assignment";
				PRODUCT_NAME = "$(TARGET_NAME)";
				SWIFT_VERSION = 4.0;
				TARGETED_DEVICE_FAMILY = 1;
			};
			name = Release;
		};
		C15ECC2220F3F08200BCAEB9 /* Debug */ = {
			isa = XCBuildConfiguration;
			buildSettings = {
				ALWAYS_EMBED_SWIFT_STANDARD_LIBRARIES = YES;
				BUNDLE_LOADER = "$(TEST_HOST)";
				CODE_SIGN_STYLE = Automatic;
				DEVELOPMENT_TEAM = E33T68GW9Q;
				INFOPLIST_FILE = "Careem​AssignmentTests/Info.plist";
				LD_RUNPATH_SEARCH_PATHS = "$(inherited) @executable_path/Frameworks @loader_path/Frameworks";
				PRODUCT_BUNDLE_IDENTIFIER = "mr10-idev.Careem-AssignmentTests";
				PRODUCT_NAME = "$(TARGET_NAME)";
				SWIFT_VERSION = 4.0;
				TARGETED_DEVICE_FAMILY = "1,2";
				TEST_HOST = "$(BUILT_PRODUCTS_DIR)/Careem​Assignment.app/Careem​Assignment";
			};
			name = Debug;
		};
		C15ECC2320F3F08200BCAEB9 /* Release */ = {
			isa = XCBuildConfiguration;
			buildSettings = {
				ALWAYS_EMBED_SWIFT_STANDARD_LIBRARIES = YES;
				BUNDLE_LOADER = "$(TEST_HOST)";
				CODE_SIGN_STYLE = Automatic;
				DEVELOPMENT_TEAM = E33T68GW9Q;
				INFOPLIST_FILE = "Careem​AssignmentTests/Info.plist";
				LD_RUNPATH_SEARCH_PATHS = "$(inherited) @executable_path/Frameworks @loader_path/Frameworks";
				PRODUCT_BUNDLE_IDENTIFIER = "mr10-idev.Careem-AssignmentTests";
				PRODUCT_NAME = "$(TARGET_NAME)";
				SWIFT_VERSION = 4.0;
				TARGETED_DEVICE_FAMILY = "1,2";
				TEST_HOST = "$(BUILT_PRODUCTS_DIR)/Careem​Assignment.app/Careem​Assignment";
			};
			name = Release;
		};
		C15ECC2520F3F08200BCAEB9 /* Debug */ = {
			isa = XCBuildConfiguration;
			buildSettings = {
				ALWAYS_EMBED_SWIFT_STANDARD_LIBRARIES = YES;
				CODE_SIGN_STYLE = Automatic;
				DEVELOPMENT_TEAM = E33T68GW9Q;
				INFOPLIST_FILE = "Careem​AssignmentUITests/Info.plist";
				LD_RUNPATH_SEARCH_PATHS = "$(inherited) @executable_path/Frameworks @loader_path/Frameworks";
				PRODUCT_BUNDLE_IDENTIFIER = "mr10-idev.Careem-AssignmentUITests";
				PRODUCT_NAME = "$(TARGET_NAME)";
				SWIFT_VERSION = 4.0;
				TARGETED_DEVICE_FAMILY = "1,2";
				TEST_TARGET_NAME = "Careem​Assignment";
			};
			name = Debug;
		};
		C15ECC2620F3F08200BCAEB9 /* Release */ = {
			isa = XCBuildConfiguration;
			buildSettings = {
				ALWAYS_EMBED_SWIFT_STANDARD_LIBRARIES = YES;
				CODE_SIGN_STYLE = Automatic;
				DEVELOPMENT_TEAM = E33T68GW9Q;
				INFOPLIST_FILE = "Careem​AssignmentUITests/Info.plist";
				LD_RUNPATH_SEARCH_PATHS = "$(inherited) @executable_path/Frameworks @loader_path/Frameworks";
				PRODUCT_BUNDLE_IDENTIFIER = "mr10-idev.Careem-AssignmentUITests";
				PRODUCT_NAME = "$(TARGET_NAME)";
				SWIFT_VERSION = 4.0;
				TARGETED_DEVICE_FAMILY = "1,2";
				TEST_TARGET_NAME = "Careem​Assignment";
			};
			name = Release;
		};
/* End XCBuildConfiguration section */

/* Begin XCConfigurationList section */
		C15ECBF120F3F08100BCAEB9 /* Build configuration list for PBXProject "Careem​Assignment" */ = {
			isa = XCConfigurationList;
			buildConfigurations = (
				C15ECC1C20F3F08200BCAEB9 /* Debug */,
				C15ECC1D20F3F08200BCAEB9 /* Release */,
			);
			defaultConfigurationIsVisible = 0;
			defaultConfigurationName = Release;
		};
		C15ECC1E20F3F08200BCAEB9 /* Build configuration list for PBXNativeTarget "Careem​Assignment" */ = {
			isa = XCConfigurationList;
			buildConfigurations = (
				C15ECC1F20F3F08200BCAEB9 /* Debug */,
				C15ECC2020F3F08200BCAEB9 /* Release */,
			);
			defaultConfigurationIsVisible = 0;
			defaultConfigurationName = Release;
		};
		C15ECC2120F3F08200BCAEB9 /* Build configuration list for PBXNativeTarget "Careem​AssignmentTests" */ = {
			isa = XCConfigurationList;
			buildConfigurations = (
				C15ECC2220F3F08200BCAEB9 /* Debug */,
				C15ECC2320F3F08200BCAEB9 /* Release */,
			);
			defaultConfigurationIsVisible = 0;
			defaultConfigurationName = Release;
		};
		C15ECC2420F3F08200BCAEB9 /* Build configuration list for PBXNativeTarget "Careem​AssignmentUITests" */ = {
			isa = XCConfigurationList;
			buildConfigurations = (
				C15ECC2520F3F08200BCAEB9 /* Debug */,
				C15ECC2620F3F08200BCAEB9 /* Release */,
			);
			defaultConfigurationIsVisible = 0;
			defaultConfigurationName = Release;
		};
/* End XCConfigurationList section */

/* Begin XCVersionGroup section */
		C1DD9F2720F80BDE008B75D0 /* SuggestedListModel.xcdatamodeld */ = {
			isa = XCVersionGroup;
			children = (
				C1DD9F2820F80BDE008B75D0 /* SuggestedListModel.xcdatamodel */,
			);
			currentVersion = C1DD9F2820F80BDE008B75D0 /* SuggestedListModel.xcdatamodel */;
			path = SuggestedListModel.xcdatamodeld;
			sourceTree = "<group>";
			versionGroupType = wrapper.xcdatamodel;
		};
/* End XCVersionGroup section */
	};
	rootObject = C15ECBEE20F3F08100BCAEB9 /* Project object */;
}
